
Microsoft Visual Studio Solution File, Format Version 12.00
# Visual Studio Version 16
VisualStudioVersion = 16.0.32126.315
MinimumVisualStudioVersion = 10.0.40219.1
Project("{FAE04EC0-301F-11D3-BF4B-00C04F79EFBC}") = "Positive and Negative", "Positive and Negative\Positive and Negative.csproj", "{31B85CA7-3519-4440-B342-D6DCF6F39149}"
EndProject
Global
	GlobalSection(SolutionConfigurationPlatforms) = preSolution
		Debug|Any CPU = Debug|Any CPU
		Release|Any CPU = Release|Any CPU
	EndGlobalSection
	GlobalSection(ProjectConfigurationPlatforms) = postSolution
		{31B85CA7-3519-4440-B342-D6DCF6F39149}.Debug|Any CPU.ActiveCfg = Debug|Any CPU
		{31B85CA7-3519-4440-B342-D6DCF6F39149}.Debug|Any CPU.Build.0 = Debug|Any CPU
		{31B85CA7-3519-4440-B342-D6DCF6F39149}.Release|Any CPU.ActiveCfg = Release|Any CPU
		{31B85CA7-3519-4440-B342-D6DCF6F39149}.Release|Any CPU.Build.0 = Release|Any CPU
	EndGlobalSection
	GlobalSection(SolutionProperties) = preSolution
		HideSolutionNode = FALSE
	EndGlobalSection
	GlobalSection(ExtensibilityGlobals) = postSolution
		SolutionGuid = {947E09A9-6FC4-434E-9857-DAB95F99BCDC}
	EndGlobalSection
EndGlobal
